
Microsoft Visual Studio Solution File, Format Version 12.00
# Visual Studio Version 17
VisualStudioVersion = 17.1.32104.313
MinimumVisualStudioVersion = 10.0.40219.1
Project("{FAE04EC0-301F-11D3-BF4B-00C04F79EFBC}") = "get-felica-idm", "get-felica-idm\get-felica-idm.csproj", "{935338E6-02DF-4137-A9EA-6CADEA3BB78C}"
EndProject
Global
	GlobalSection(SolutionConfigurationPlatforms) = preSolution
		Debug|Any CPU = Debug|Any CPU
		Release|Any CPU = Release|Any CPU
	EndGlobalSection
	GlobalSection(ProjectConfigurationPlatforms) = postSolution
		{935338E6-02DF-4137-A9EA-6CADEA3BB78C}.Debug|Any CPU.ActiveCfg = Debug|Any CPU
		{935338E6-02DF-4137-A9EA-6CADEA3BB78C}.Debug|Any CPU.Build.0 = Debug|Any CPU
		{935338E6-02DF-4137-A9EA-6CADEA3BB78C}.Release|Any CPU.ActiveCfg = Release|Any CPU
		{935338E6-02DF-4137-A9EA-6CADEA3BB78C}.Release|Any CPU.Build.0 = Release|Any CPU
	EndGlobalSection
	GlobalSection(SolutionProperties) = preSolution
		HideSolutionNode = FALSE
	EndGlobalSection
	GlobalSection(ExtensibilityGlobals) = postSolution
		SolutionGuid = {4A80FB7C-E340-4DBA-9D83-7DDC3383CF6E}
	EndGlobalSection
EndGlobal
